
Microsoft Visual Studio Solution File, Format Version 12.00
# Visual Studio 2012
Project("{FAE04EC0-301F-11D3-BF4B-00C04F79EFBC}") = "Drake.Indexer", "src\Drake.Indexer\Drake.Indexer.csproj", "{C98CB51E-DC65-4AEF-ACD1-81223855F396}"
EndProject
Project("{FAE04EC0-301F-11D3-BF4B-00C04F79EFBC}") = "Drake.Analyzers", "src\Drake.Analyzers\Drake.Analyzers.csproj", "{F30F5279-2EC4-41F8-B565-41230C5E7785}"
EndProject
Project("{FAE04EC0-301F-11D3-BF4B-00C04F79EFBC}") = "Drake.Core", "src\Drake.Core\Drake.Core.csproj", "{9532C0ED-13CB-4375-9EDD-10F8213B2989}"
EndProject
Global
	GlobalSection(SolutionConfigurationPlatforms) = preSolution
		Debug|Any CPU = Debug|Any CPU
		Release|Any CPU = Release|Any CPU
	EndGlobalSection
	GlobalSection(ProjectConfigurationPlatforms) = postSolution
		{C98CB51E-DC65-4AEF-ACD1-81223855F396}.Debug|Any CPU.ActiveCfg = Debug|Any CPU
		{C98CB51E-DC65-4AEF-ACD1-81223855F396}.Debug|Any CPU.Build.0 = Debug|Any CPU
		{C98CB51E-DC65-4AEF-ACD1-81223855F396}.Release|Any CPU.ActiveCfg = Release|Any CPU
		{C98CB51E-DC65-4AEF-ACD1-81223855F396}.Release|Any CPU.Build.0 = Release|Any CPU
		{F30F5279-2EC4-41F8-B565-41230C5E7785}.Debug|Any CPU.ActiveCfg = Debug|Any CPU
		{F30F5279-2EC4-41F8-B565-41230C5E7785}.Debug|Any CPU.Build.0 = Debug|Any CPU
		{F30F5279-2EC4-41F8-B565-41230C5E7785}.Release|Any CPU.ActiveCfg = Release|Any CPU
		{F30F5279-2EC4-41F8-B565-41230C5E7785}.Release|Any CPU.Build.0 = Release|Any CPU
		{9532C0ED-13CB-4375-9EDD-10F8213B2989}.Debug|Any CPU.ActiveCfg = Debug|Any CPU
		{9532C0ED-13CB-4375-9EDD-10F8213B2989}.Debug|Any CPU.Build.0 = Debug|Any CPU
		{9532C0ED-13CB-4375-9EDD-10F8213B2989}.Release|Any CPU.ActiveCfg = Release|Any CPU
		{9532C0ED-13CB-4375-9EDD-10F8213B2989}.Release|Any CPU.Build.0 = Release|Any CPU
	EndGlobalSection
EndGlobal
